
Microsoft Visual Studio Solution File, Format Version 12.00
# Visual Studio Version 17
VisualStudioVersion = 17.7.34031.279
MinimumVisualStudioVersion = 10.0.40219.1
Project("{FAE04EC0-301F-11D3-BF4B-00C04F79EFBC}") = "CajeroAutomatico", "CajeroAutomatico\CajeroAutomatico.csproj", "{FD4B878B-676B-4053-8294-90A791CF7428}"
EndProject
Global
	GlobalSection(SolutionConfigurationPlatforms) = preSolution
		Debug|Any CPU = Debug|Any CPU
		Release|Any CPU = Release|Any CPU
	EndGlobalSection
	GlobalSection(ProjectConfigurationPlatforms) = postSolution
		{FD4B878B-676B-4053-8294-90A791CF7428}.Debug|Any CPU.ActiveCfg = Debug|Any CPU
		{FD4B878B-676B-4053-8294-90A791CF7428}.Debug|Any CPU.Build.0 = Debug|Any CPU
		{FD4B878B-676B-4053-8294-90A791CF7428}.Release|Any CPU.ActiveCfg = Release|Any CPU
		{FD4B878B-676B-4053-8294-90A791CF7428}.Release|Any CPU.Build.0 = Release|Any CPU
	EndGlobalSection
	GlobalSection(SolutionProperties) = preSolution
		HideSolutionNode = FALSE
	EndGlobalSection
	GlobalSection(ExtensibilityGlobals) = postSolution
		SolutionGuid = {3230D059-B04F-4C62-8F23-AF47FE6FE105}
	EndGlobalSection
EndGlobal
